
Microsoft Visual Studio Solution File, Format Version 12.00
# Visual Studio Version 16
VisualStudioVersion = 16.0.31129.286
MinimumVisualStudioVersion = 10.0.40219.1
Project("{FAE04EC0-301F-11D3-BF4B-00C04F79EFBC}") = "IEAuto", "IEAuto\IEAuto.csproj", "{6494ED78-0803-4A0C-9C7E-41FAAD02BACF}"
EndProject
Global
	GlobalSection(SolutionConfigurationPlatforms) = preSolution
		Debug|Any CPU = Debug|Any CPU
		Release|Any CPU = Release|Any CPU
	EndGlobalSection
	GlobalSection(ProjectConfigurationPlatforms) = postSolution
		{6494ED78-0803-4A0C-9C7E-41FAAD02BACF}.Debug|Any CPU.ActiveCfg = Debug|Any CPU
		{6494ED78-0803-4A0C-9C7E-41FAAD02BACF}.Debug|Any CPU.Build.0 = Debug|Any CPU
		{6494ED78-0803-4A0C-9C7E-41FAAD02BACF}.Release|Any CPU.ActiveCfg = Release|Any CPU
		{6494ED78-0803-4A0C-9C7E-41FAAD02BACF}.Release|Any CPU.Build.0 = Release|Any CPU
	EndGlobalSection
	GlobalSection(SolutionProperties) = preSolution
		HideSolutionNode = FALSE
	EndGlobalSection
	GlobalSection(ExtensibilityGlobals) = postSolution
		SolutionGuid = {E81C0349-1F43-45BF-AAF6-437CACC69EEE}
	EndGlobalSection
EndGlobal
